
Microsoft Visual Studio Solution File, Format Version 12.00
Project("{FAE04EC0-301F-11D3-BF4B-00C04F79EFBC}") = "FGIAFG.Web", "FGIAFG.Web\FGIAFG.Web.csproj", "{15DDB10B-8B5E-4CB3-9BCB-0EC5B92EBFAD}"
EndProject
Global
	GlobalSection(SolutionConfigurationPlatforms) = preSolution
		Debug|Any CPU = Debug|Any CPU
		Release|Any CPU = Release|Any CPU
	EndGlobalSection
	GlobalSection(ProjectConfigurationPlatforms) = postSolution
		{15DDB10B-8B5E-4CB3-9BCB-0EC5B92EBFAD}.Debug|Any CPU.ActiveCfg = Debug|Any CPU
		{15DDB10B-8B5E-4CB3-9BCB-0EC5B92EBFAD}.Debug|Any CPU.Build.0 = Debug|Any CPU
		{15DDB10B-8B5E-4CB3-9BCB-0EC5B92EBFAD}.Release|Any CPU.ActiveCfg = Release|Any CPU
		{15DDB10B-8B5E-4CB3-9BCB-0EC5B92EBFAD}.Release|Any CPU.Build.0 = Release|Any CPU
	EndGlobalSection
EndGlobal
